// !$*UTF8*$!
{
	archiveVersion = 1;
	classes = {
	};
	objectVersion = 51;
	objects = {

/* Begin PBXBuildFile section */
		05B763549FBBC25B7CFA7122 /* MobileRuntime.plist in Resources */ = {isa = PBXBuildFile; fileRef = C06A5B6682D451E12E07C99E /* MobileRuntime.plist */; };
		0D1AB97C568CD099620E9483 /* Images_mPaaS.xcassets in Resources */ = {isa = PBXBuildFile; fileRef = 59B7D31E9406F236E4ABBCA3 /* Images_mPaaS.xcassets */; };
		21AD9359610613F6B9EEF130 /* MPLauncherAppDelegate.m in Sources */ = {isa = PBXBuildFile; fileRef = 66CB81EB9DCB9240B768DDAD /* MPLauncherAppDelegate.m */; };
		26180304F56E7E5DCE500E97 /* Pods_webapp_ios_app.framework in Frameworks */ = {isa = PBXBuildFile; fileRef = D3863DA301EB14E5C9D430A0 /* Pods_webapp_ios_app.framework */; };
		2913C838DE66105AFA69DDE1 /* SystemConfiguration.framework in Frameworks */ = {isa = PBXBuildFile; fileRef = 0305332122BE34685729C506 /* SystemConfiguration.framework */; };
		3413F5486662A3C81937352A /* DemoViewController.m in Sources */ = {isa = PBXBuildFile; fileRef = B071D7DB4A8A945EB177A7A7 /* DemoViewController.m */; };
		3655212161466732FE899C56 /* MPLauncherAppDelegate.m in Sources */ = {isa = PBXBuildFile; fileRef = 7C7B7DDF1026B65384AB9B89 /* MPLauncherAppDelegate.m */; };
		3F8AB24BA7425B64F33C2C44 /* DTFrameworkInterface+webapp_ios_app.m in Sources */ = {isa = PBXBuildFile; fileRef = B6B16DBD9F0A19433AB575E1 /* DTFrameworkInterface+webapp_ios_app.m */; };
		470CC60E47E24A135D853B69 /* MPTabBarController.m in Sources */ = {isa = PBXBuildFile; fileRef = 51F34DCF2F222E7BAF46F1AF /* MPTabBarController.m */; };
		4BCE2B172485660AC85CEC44 /* DTFrameworkInterface+webapp_ios_app.m in Sources */ = {isa = PBXBuildFile; fileRef = C97B7F895E7AD5F4BA1C0C32 /* DTFrameworkInterface+webapp_ios_app.m */; };
		54A49507365EF8B239FC13A5 /* MessageUI.framework in Frameworks */ = {isa = PBXBuildFile; fileRef = A5F0AB3E1259A82203A7B248 /* MessageUI.framework */; };
		5F8CCD5641A5D1777F114EC8 /* CoreMotion.framework in Frameworks */ = {isa = PBXBuildFile; fileRef = 12242D2DCA908D76FED040D2 /* CoreMotion.framework */; };
		600F430B58E70556BC804651 /* yw_1222.jpg in Resources */ = {isa = PBXBuildFile; fileRef = 4EB8567EFC5B019DE6AD5728 /* yw_1222.jpg */; };
		61EC37B7EF30FAAA3EDA923B /* MPLauncherAppDelegate.m in Sources */ = {isa = PBXBuildFile; fileRef = F24E681A9931C38E530DD4AD /* MPLauncherAppDelegate.m */; };
		63ABF59426DEA061007AB825 /* AppDelegate.swift in Sources */ = {isa = PBXBuildFile; fileRef = 63ABF59326DEA061007AB825 /* AppDelegate.swift */; };
		63ABF59626DEA061007AB825 /* SceneDelegate.swift in Sources */ = {isa = PBXBuildFile; fileRef = 63ABF59526DEA061007AB825 /* SceneDelegate.swift */; };
		63ABF59826DEA061007AB825 /* ViewController.swift in Sources */ = {isa = PBXBuildFile; fileRef = 63ABF59726DEA061007AB825 /* ViewController.swift */; };
		63ABF59B26DEA061007AB825 /* Main.storyboard in Resources */ = {isa = PBXBuildFile; fileRef = 63ABF59926DEA061007AB825 /* Main.storyboard */; };
		63ABF59D26DEA063007AB825 /* Assets.xcassets in Resources */ = {isa = PBXBuildFile; fileRef = 63ABF59C26DEA063007AB825 /* Assets.xcassets */; };
		63ABF5A026DEA063007AB825 /* LaunchScreen.storyboard in Resources */ = {isa = PBXBuildFile; fileRef = 63ABF59E26DEA063007AB825 /* LaunchScreen.storyboard */; };
		7B308A9A2F0959D92DC85CF9 /* MobileRuntime.plist in Resources */ = {isa = PBXBuildFile; fileRef = A59D1398E8D8F5D92A911F9E /* MobileRuntime.plist */; };
		7E83FF20AFA083CB1E9AED3D /* Images_mPaaS.xcassets in Resources */ = {isa = PBXBuildFile; fileRef = E6EB8B46538A52B4E5C37DFB /* Images_mPaaS.xcassets */; };
		885C5746862ADE01DEB86784 /* DemoViewController.m in Sources */ = {isa = PBXBuildFile; fileRef = 4F5342067683FAEE14C47EDE /* DemoViewController.m */; };
		9224A1F85D6718401804F3CC /* MPaaSInterface+webapp_ios_app.m in Sources */ = {isa = PBXBuildFile; fileRef = EDC79C7CEEFD352AA4C01FEE /* MPaaSInterface+webapp_ios_app.m */; };
		9325D3E4FFE3987F24CF8CD1 /* MPTabBarController.m in Sources */ = {isa = PBXBuildFile; fileRef = 76C75A66D932C9D14A033207 /* MPTabBarController.m */; };
		B6433EDB2F2710D36EF5A353 /* WebKit.framework in Frameworks */ = {isa = PBXBuildFile; fileRef = 5F07BEAF4BA82D42E820B69C /* WebKit.framework */; };
		B9BF4EAF5E8A48ECAEAD6F88 /* DTFrameworkInterface+webapp_ios_app.m in Sources */ = {isa = PBXBuildFile; fileRef = 55254494179D285048565505 /* DTFrameworkInterface+webapp_ios_app.m */; };
		C90BA980899986054DED4FF3 /* MPaaSInterface+webapp_ios_app.m in Sources */ = {isa = PBXBuildFile; fileRef = 704DD73E4918987CE011F662 /* MPaaSInterface+webapp_ios_app.m */; };
		C91F8A67255A27BFD4A9DC06 /* meta.config in Resources */ = {isa = PBXBuildFile; fileRef = 83F58350BB0ACDA7AB571102 /* meta.config */; };
		D3E92C930F337C6A7BF8829C /* DemoViewController.m in Sources */ = {isa = PBXBuildFile; fileRef = C21EC677A58708C0A4A767E8 /* DemoViewController.m */; };
		D5F26E89C0CF3D8AC1DA1993 /* MobileRuntime.plist in Resources */ = {isa = PBXBuildFile; fileRef = 3D41984E9E7200A33F446BDB /* MobileRuntime.plist */; };
		D615863A27C406CB95278E48 /* CoreTelephony.framework in Frameworks */ = {isa = PBXBuildFile; fileRef = 94C96E85969DAA75521A497C /* CoreTelephony.framework */; };
		DC109329049E40F65F3E469D /* Images_mPaaS.xcassets in Resources */ = {isa = PBXBuildFile; fileRef = B15304B2D21BBD6AB842CCB2 /* Images_mPaaS.xcassets */; };
		ED372F8245B05B9C1E9DD391 /* MPaaSInterface+webapp_ios_app.m in Sources */ = {isa = PBXBuildFile; fileRef = 6D506B8B911219BA331B47B9 /* MPaaSInterface+webapp_ios_app.m */; };
		F680C2E06627E6B689219DCF /* MPTabBarController.m in Sources */ = {isa = PBXBuildFile; fileRef = 1B7A37238BBFD6612F9ADF39 /* MPTabBarController.m */; };
/* End PBXBuildFile section */

/* Begin PBXFileReference section */
		0305332122BE34685729C506 /* SystemConfiguration.framework */ = {isa = PBXFileReference; lastKnownFileType = wrapper.framework; name = SystemConfiguration.framework; path = Platforms/iPhoneOS.platform/Developer/SDKs/iPhoneOS14.0.sdk/System/Library/Frameworks/SystemConfiguration.framework; sourceTree = DEVELOPER_DIR; };
		07044BED69E83F3A92D8838F /* MPLauncherAppDelegate.h */ = {isa = PBXFileReference; includeInIndex = 1; lastKnownFileType = sourcecode.c.h; path = MPLauncherAppDelegate.h; sourceTree = "<group>"; };
		07A56E4F536934CF1DBF5049 /* DTFrameworkInterface+webapp_ios_app.h */ = {isa = PBXFileReference; includeInIndex = 1; lastKnownFileType = sourcecode.c.h; path = "DTFrameworkInterface+webapp_ios_app.h"; sourceTree = "<group>"; };
		12242D2DCA908D76FED040D2 /* CoreMotion.framework */ = {isa = PBXFileReference; lastKnownFileType = wrapper.framework; name = CoreMotion.framework; path = Platforms/iPhoneOS.platform/Developer/SDKs/iPhoneOS14.0.sdk/System/Library/Frameworks/CoreMotion.framework; sourceTree = DEVELOPER_DIR; };
		1B7A37238BBFD6612F9ADF39 /* MPTabBarController.m */ = {isa = PBXFileReference; includeInIndex = 1; lastKnownFileType = sourcecode.c.objc; path = MPTabBarController.m; sourceTree = "<group>"; };
		2F043CE954B0A61AAB6E877E /* Pods-webapp_ios_app.debug.xcconfig */ = {isa = PBXFileReference; includeInIndex = 1; lastKnownFileType = text.xcconfig; name = "Pods-webapp_ios_app.debug.xcconfig"; path = "Target Support Files/Pods-webapp_ios_app/Pods-webapp_ios_app.debug.xcconfig"; sourceTree = "<group>"; };
		34E3A8D5D00DF4290DFA7770 /* Pods-webapp_ios_app.release.xcconfig */ = {isa = PBXFileReference; includeInIndex = 1; lastKnownFileType = text.xcconfig; name = "Pods-webapp_ios_app.release.xcconfig"; path = "Target Support Files/Pods-webapp_ios_app/Pods-webapp_ios_app.release.xcconfig"; sourceTree = "<group>"; };
		36BF87BDB3CFAD5D7D1ACDF1 /* MPaaSInterface+webapp_ios_app.h */ = {isa = PBXFileReference; includeInIndex = 1; lastKnownFileType = sourcecode.c.h; path = "MPaaSInterface+webapp_ios_app.h"; sourceTree = "<group>"; };
		3D41984E9E7200A33F446BDB /* MobileRuntime.plist */ = {isa = PBXFileReference; includeInIndex = 1; lastKnownFileType = text.plist.xml; path = MobileRuntime.plist; sourceTree = "<group>"; };
		4CA0F233BADC8354396047A8 /* MPLauncherAppDelegate.h */ = {isa = PBXFileReference; includeInIndex = 1; lastKnownFileType = sourcecode.c.h; path = MPLauncherAppDelegate.h; sourceTree = "<group>"; };
		4EB8567EFC5B019DE6AD5728 /* yw_1222.jpg */ = {isa = PBXFileReference; includeInIndex = 1; lastKnownFileType = image.jpeg; path = yw_1222.jpg; sourceTree = "<group>"; };
		4F5342067683FAEE14C47EDE /* DemoViewController.m */ = {isa = PBXFileReference; includeInIndex = 1; lastKnownFileType = sourcecode.c.objc; path = DemoViewController.m; sourceTree = "<group>"; };
		51F34DCF2F222E7BAF46F1AF /* MPTabBarController.m */ = {isa = PBXFileReference; includeInIndex = 1; lastKnownFileType = sourcecode.c.objc; path = MPTabBarController.m; sourceTree = "<group>"; };
		520416080BC0A92B2D16C0C7 /* DemoViewController.h */ = {isa = PBXFileReference; includeInIndex = 1; lastKnownFileType = sourcecode.c.h; path = DemoViewController.h; sourceTree = "<group>"; };
		5231B65471D0AC5BCC396894 /* webapp_ios_app-Prefix.pch */ = {isa = PBXFileReference; includeInIndex = 1; lastKnownFileType = sourcecode.c.h; name = "webapp_ios_app-Prefix.pch"; path = "../../../webapp_ios_app/webapp_ios_app-Prefix.pch"; sourceTree = "<group>"; };
		55254494179D285048565505 /* DTFrameworkInterface+webapp_ios_app.m */ = {isa = PBXFileReference; includeInIndex = 1; lastKnownFileType = sourcecode.c.objc; path = "DTFrameworkInterface+webapp_ios_app.m"; sourceTree = "<group>"; };
		58D3386861CF802D125D9D99 /* webapp_ios_app-mPaaS-Headers.h */ = {isa = PBXFileReference; includeInIndex = 1; lastKnownFileType = sourcecode.c.h; path = "webapp_ios_app-mPaaS-Headers.h"; sourceTree = "<group>"; };
		59B7D31E9406F236E4ABBCA3 /* Images_mPaaS.xcassets */ = {isa = PBXFileReference; includeInIndex = 1; lastKnownFileType = folder.assetcatalog; path = Images_mPaaS.xcassets; sourceTree = "<group>"; };
		5CC2425CF6C1493280BDE74E /* MPTabBarController.h */ = {isa = PBXFileReference; includeInIndex = 1; lastKnownFileType = sourcecode.c.h; path = MPTabBarController.h; sourceTree = "<group>"; };
		5F07BEAF4BA82D42E820B69C /* WebKit.framework */ = {isa = PBXFileReference; lastKnownFileType = wrapper.framework; name = WebKit.framework; path = Platforms/iPhoneOS.platform/Developer/SDKs/iPhoneOS14.0.sdk/System/Library/Frameworks/WebKit.framework; sourceTree = DEVELOPER_DIR; };
		638DF44195D9BE369654FBF5 /* MPTabBarController.h */ = {isa = PBXFileReference; includeInIndex = 1; lastKnownFileType = sourcecode.c.h; path = MPTabBarController.h; sourceTree = "<group>"; };
		63ABF59026DEA061007AB825 /* webapp_ios_app.app */ = {isa = PBXFileReference; explicitFileType = wrapper.application; includeInIndex = 0; path = webapp_ios_app.app; sourceTree = BUILT_PRODUCTS_DIR; };
		63ABF59326DEA061007AB825 /* AppDelegate.swift */ = {isa = PBXFileReference; lastKnownFileType = sourcecode.swift; path = AppDelegate.swift; sourceTree = "<group>"; };
		63ABF59526DEA061007AB825 /* SceneDelegate.swift */ = {isa = PBXFileReference; lastKnownFileType = sourcecode.swift; path = SceneDelegate.swift; sourceTree = "<group>"; };
		63ABF59726DEA061007AB825 /* ViewController.swift */ = {isa = PBXFileReference; lastKnownFileType = sourcecode.swift; path = ViewController.swift; sourceTree = "<group>"; };
		63ABF59A26DEA061007AB825 /* Base */ = {isa = PBXFileReference; lastKnownFileType = file.storyboard; name = Base; path = Base.lproj/Main.storyboard; sourceTree = "<group>"; };
		63ABF59C26DEA063007AB825 /* Assets.xcassets */ = {isa = PBXFileReference; lastKnownFileType = folder.assetcatalog; path = Assets.xcassets; sourceTree = "<group>"; };
		63ABF59F26DEA063007AB825 /* Base */ = {isa = PBXFileReference; lastKnownFileType = file.storyboard; name = Base; path = Base.lproj/LaunchScreen.storyboard; sourceTree = "<group>"; };
		63ABF5A126DEA063007AB825 /* Info.plist */ = {isa = PBXFileReference; lastKnownFileType = text.plist.xml; path = Info.plist; sourceTree = "<group>"; };
		63DFC63126DEA4AD0086E605 /* webapp_ios_app-Bridging-Header.h */ = {isa = PBXFileReference; lastKnownFileType = sourcecode.c.h; path = "webapp_ios_app-Bridging-Header.h"; sourceTree = "<group>"; };
		66CB81EB9DCB9240B768DDAD /* MPLauncherAppDelegate.m */ = {isa = PBXFileReference; includeInIndex = 1; lastKnownFileType = sourcecode.c.objc; path = MPLauncherAppDelegate.m; sourceTree = "<group>"; };
		6D506B8B911219BA331B47B9 /* MPaaSInterface+webapp_ios_app.m */ = {isa = PBXFileReference; includeInIndex = 1; lastKnownFileType = sourcecode.c.objc; path = "MPaaSInterface+webapp_ios_app.m"; sourceTree = "<group>"; };
		704DD73E4918987CE011F662 /* MPaaSInterface+webapp_ios_app.m */ = {isa = PBXFileReference; includeInIndex = 1; lastKnownFileType = sourcecode.c.objc; path = "MPaaSInterface+webapp_ios_app.m"; sourceTree = "<group>"; };
		76C75A66D932C9D14A033207 /* MPTabBarController.m */ = {isa = PBXFileReference; includeInIndex = 1; lastKnownFileType = sourcecode.c.objc; path = MPTabBarController.m; sourceTree = "<group>"; };
		7C7B7DDF1026B65384AB9B89 /* MPLauncherAppDelegate.m */ = {isa = PBXFileReference; includeInIndex = 1; lastKnownFileType = sourcecode.c.objc; path = MPLauncherAppDelegate.m; sourceTree = "<group>"; };
		7F577F4D279CBD76EE2593EF /* webapp_ios_app-mPaaS-Headers.h */ = {isa = PBXFileReference; includeInIndex = 1; lastKnownFileType = sourcecode.c.h; path = "webapp_ios_app-mPaaS-Headers.h"; sourceTree = "<group>"; };
		83F58350BB0ACDA7AB571102 /* meta.config */ = {isa = PBXFileReference; includeInIndex = 1; path = meta.config; sourceTree = "<group>"; };
		94C96E85969DAA75521A497C /* CoreTelephony.framework */ = {isa = PBXFileReference; lastKnownFileType = wrapper.framework; name = CoreTelephony.framework; path = Platforms/iPhoneOS.platform/Developer/SDKs/iPhoneOS14.0.sdk/System/Library/Frameworks/CoreTelephony.framework; sourceTree = DEVELOPER_DIR; };
		980C724BBEC7904CB33DA485 /* DemoViewController.h */ = {isa = PBXFileReference; includeInIndex = 1; lastKnownFileType = sourcecode.c.h; path = DemoViewController.h; sourceTree = "<group>"; };
		A4E3E9363D0F10CD66368CD8 /* MPaaSInterface+webapp_ios_app.h */ = {isa = PBXFileReference; includeInIndex = 1; lastKnownFileType = sourcecode.c.h; path = "MPaaSInterface+webapp_ios_app.h"; sourceTree = "<group>"; };
		A59D1398E8D8F5D92A911F9E /* MobileRuntime.plist */ = {isa = PBXFileReference; includeInIndex = 1; lastKnownFileType = text.plist.xml; path = MobileRuntime.plist; sourceTree = "<group>"; };
		A5F0AB3E1259A82203A7B248 /* MessageUI.framework */ = {isa = PBXFileReference; lastKnownFileType = wrapper.framework; name = MessageUI.framework; path = Platforms/iPhoneOS.platform/Developer/SDKs/iPhoneOS14.0.sdk/System/Library/Frameworks/MessageUI.framework; sourceTree = DEVELOPER_DIR; };
		A6449B6BEF826261838166FD /* DTFrameworkInterface+webapp_ios_app.h */ = {isa = PBXFileReference; includeInIndex = 1; lastKnownFileType = sourcecode.c.h; path = "DTFrameworkInterface+webapp_ios_app.h"; sourceTree = "<group>"; };
		B0550DB4895761C8C57E1F72 /* MPaaSInterface+webapp_ios_app.h */ = {isa = PBXFileReference; includeInIndex = 1; lastKnownFileType = sourcecode.c.h; path = "MPaaSInterface+webapp_ios_app.h"; sourceTree = "<group>"; };
		B071D7DB4A8A945EB177A7A7 /* DemoViewController.m */ = {isa = PBXFileReference; includeInIndex = 1; lastKnownFileType = sourcecode.c.objc; path = DemoViewController.m; sourceTree = "<group>"; };
		B15304B2D21BBD6AB842CCB2 /* Images_mPaaS.xcassets */ = {isa = PBXFileReference; includeInIndex = 1; lastKnownFileType = folder.assetcatalog; path = Images_mPaaS.xcassets; sourceTree = "<group>"; };
		B6B16DBD9F0A19433AB575E1 /* DTFrameworkInterface+webapp_ios_app.m */ = {isa = PBXFileReference; includeInIndex = 1; lastKnownFileType = sourcecode.c.objc; path = "DTFrameworkInterface+webapp_ios_app.m"; sourceTree = "<group>"; };
		BF3DE8B05FA8F94051CE9EBF /* MPTabBarController.h */ = {isa = PBXFileReference; includeInIndex = 1; lastKnownFileType = sourcecode.c.h; path = MPTabBarController.h; sourceTree = "<group>"; };
		C06A5B6682D451E12E07C99E /* MobileRuntime.plist */ = {isa = PBXFileReference; includeInIndex = 1; lastKnownFileType = text.plist.xml; path = MobileRuntime.plist; sourceTree = "<group>"; };
		C21EC677A58708C0A4A767E8 /* DemoViewController.m */ = {isa = PBXFileReference; includeInIndex = 1; lastKnownFileType = sourcecode.c.objc; path = DemoViewController.m; sourceTree = "<group>"; };
		C97B7F895E7AD5F4BA1C0C32 /* DTFrameworkInterface+webapp_ios_app.m */ = {isa = PBXFileReference; includeInIndex = 1; lastKnownFileType = sourcecode.c.objc; path = "DTFrameworkInterface+webapp_ios_app.m"; sourceTree = "<group>"; };
		CCB3621C8059EE992D6A7759 /* webapp_ios_app-mPaaS-Headers.h */ = {isa = PBXFileReference; includeInIndex = 1; lastKnownFileType = sourcecode.c.h; path = "webapp_ios_app-mPaaS-Headers.h"; sourceTree = "<group>"; };
		D1063F8DDFE1916C65D0955C /* DemoViewController.h */ = {isa = PBXFileReference; includeInIndex = 1; lastKnownFileType = sourcecode.c.h; path = DemoViewController.h; sourceTree = "<group>"; };
		D3863DA301EB14E5C9D430A0 /* Pods_webapp_ios_app.framework */ = {isa = PBXFileReference; explicitFileType = wrapper.framework; includeInIndex = 0; path = Pods_webapp_ios_app.framework; sourceTree = BUILT_PRODUCTS_DIR; };
		DC54FFC3132F579D658CB531 /* DTFrameworkInterface+webapp_ios_app.h */ = {isa = PBXFileReference; includeInIndex = 1; lastKnownFileType = sourcecode.c.h; path = "DTFrameworkInterface+webapp_ios_app.h"; sourceTree = "<group>"; };
		E6EB8B46538A52B4E5C37DFB /* Images_mPaaS.xcassets */ = {isa = PBXFileReference; includeInIndex = 1; lastKnownFileType = folder.assetcatalog; path = Images_mPaaS.xcassets; sourceTree = "<group>"; };
		EDC79C7CEEFD352AA4C01FEE /* MPaaSInterface+webapp_ios_app.m */ = {isa = PBXFileReference; includeInIndex = 1; lastKnownFileType = sourcecode.c.objc; path = "MPaaSInterface+webapp_ios_app.m"; sourceTree = "<group>"; };
		F24E681A9931C38E530DD4AD /* MPLauncherAppDelegate.m */ = {isa = PBXFileReference; includeInIndex = 1; lastKnownFileType = sourcecode.c.objc; path = MPLauncherAppDelegate.m; sourceTree = "<group>"; };
		F6A681A658E3F6B36750C499 /* MPLauncherAppDelegate.h */ = {isa = PBXFileReference; includeInIndex = 1; lastKnownFileType = sourcecode.c.h; path = MPLauncherAppDelegate.h; sourceTree = "<group>"; };
/* End PBXFileReference section */

/* Begin PBXFrameworksBuildPhase section */
		63ABF58D26DEA061007AB825 /* Frameworks */ = {
			isa = PBXFrameworksBuildPhase;
			buildActionMask = 2147483647;
			files = (
				26180304F56E7E5DCE500E97 /* Pods_webapp_ios_app.framework in Frameworks */,
				B6433EDB2F2710D36EF5A353 /* WebKit.framework in Frameworks */,
				5F8CCD5641A5D1777F114EC8 /* CoreMotion.framework in Frameworks */,
				D615863A27C406CB95278E48 /* CoreTelephony.framework in Frameworks */,
				2913C838DE66105AFA69DDE1 /* SystemConfiguration.framework in Frameworks */,
				54A49507365EF8B239FC13A5 /* MessageUI.framework in Frameworks */,
			);
			runOnlyForDeploymentPostprocessing = 0;
		};
/* End PBXFrameworksBuildPhase section */

/* Begin PBXGroup section */
		3A493600FF36A4ADE574E70E /* Frameworks */ = {
			isa = PBXGroup;
			children = (
				D3863DA301EB14E5C9D430A0 /* Pods_webapp_ios_app.framework */,
				8C34972A1F46D7DCF3A7621D /* iOS */,
			);
			name = Frameworks;
			sourceTree = "<group>";
		};
		429FD9F823002F15670CF345 /* mPaas */ = {
			isa = PBXGroup;
			children = (
				B0550DB4895761C8C57E1F72 /* MPaaSInterface+webapp_ios_app.h */,
				704DD73E4918987CE011F662 /* MPaaSInterface+webapp_ios_app.m */,
				A4E3E9363D0F10CD66368CD8 /* MPaaSInterface+webapp_ios_app.h */,
				EDC79C7CEEFD352AA4C01FEE /* MPaaSInterface+webapp_ios_app.m */,
				36BF87BDB3CFAD5D7D1ACDF1 /* MPaaSInterface+webapp_ios_app.h */,
				6D506B8B911219BA331B47B9 /* MPaaSInterface+webapp_ios_app.m */,
			);
			path = mPaas;
			sourceTree = "<group>";
		};
		5D31047B7EF5C4A9B0A3FB01 /* webapp_ios_app */ = {
			isa = PBXGroup;
			children = (
				4EB8567EFC5B019DE6AD5728 /* yw_1222.jpg */,
				58D3386861CF802D125D9D99 /* webapp_ios_app-mPaaS-Headers.h */,
				5231B65471D0AC5BCC396894 /* webapp_ios_app-Prefix.pch */,
				429FD9F823002F15670CF345 /* mPaas */,
				B26DAE897ACEB5C28DF65D99 /* APMobileFramework */,
				7F577F4D279CBD76EE2593EF /* webapp_ios_app-mPaaS-Headers.h */,
				83F58350BB0ACDA7AB571102 /* meta.config */,
				CCB3621C8059EE992D6A7759 /* webapp_ios_app-mPaaS-Headers.h */,
			);
			path = webapp_ios_app;
			sourceTree = "<group>";
		};
		63ABF58726DEA061007AB825 = {
			isa = PBXGroup;
			children = (
				63ABF59226DEA061007AB825 /* webapp_ios_app */,
				63ABF59126DEA061007AB825 /* Products */,
				E7D0DD093BC85610C7890077 /* Pods */,
				3A493600FF36A4ADE574E70E /* Frameworks */,
				9F1823F00E79C10555473F5E /* MPaaS */,
			);
			sourceTree = "<group>";
		};
		63ABF59126DEA061007AB825 /* Products */ = {
			isa = PBXGroup;
			children = (
				63ABF59026DEA061007AB825 /* webapp_ios_app.app */,
			);
			name = Products;
			sourceTree = "<group>";
		};
		63ABF59226DEA061007AB825 /* webapp_ios_app */ = {
			isa = PBXGroup;
			children = (
				63ABF59326DEA061007AB825 /* AppDelegate.swift */,
				63ABF59526DEA061007AB825 /* SceneDelegate.swift */,
				63ABF59726DEA061007AB825 /* ViewController.swift */,
				63ABF59926DEA061007AB825 /* Main.storyboard */,
				63ABF59C26DEA063007AB825 /* Assets.xcassets */,
				63ABF59E26DEA063007AB825 /* LaunchScreen.storyboard */,
				63ABF5A126DEA063007AB825 /* Info.plist */,
				63DFC63126DEA4AD0086E605 /* webapp_ios_app-Bridging-Header.h */,
			);
			path = webapp_ios_app;
			sourceTree = "<group>";
		};
		8C34972A1F46D7DCF3A7621D /* iOS */ = {
			isa = PBXGroup;
			children = (
				5F07BEAF4BA82D42E820B69C /* WebKit.framework */,
				12242D2DCA908D76FED040D2 /* CoreMotion.framework */,
				94C96E85969DAA75521A497C /* CoreTelephony.framework */,
				0305332122BE34685729C506 /* SystemConfiguration.framework */,
				A5F0AB3E1259A82203A7B248 /* MessageUI.framework */,
			);
			name = iOS;
			sourceTree = "<group>";
		};
		9F1823F00E79C10555473F5E /* MPaaS */ = {
			isa = PBXGroup;
			children = (
				B760C11CE5FFE5AF9901769B /* Targets */,
			);
			path = MPaaS;
			sourceTree = "<group>";
		};
		B26DAE897ACEB5C28DF65D99 /* APMobileFramework */ = {
			isa = PBXGroup;
			children = (
				07A56E4F536934CF1DBF5049 /* DTFrameworkInterface+webapp_ios_app.h */,
				C97B7F895E7AD5F4BA1C0C32 /* DTFrameworkInterface+webapp_ios_app.m */,
				C06A5B6682D451E12E07C99E /* MobileRuntime.plist */,
				59B7D31E9406F236E4ABBCA3 /* Images_mPaaS.xcassets */,
				4CA0F233BADC8354396047A8 /* MPLauncherAppDelegate.h */,
				F24E681A9931C38E530DD4AD /* MPLauncherAppDelegate.m */,
				5CC2425CF6C1493280BDE74E /* MPTabBarController.h */,
				1B7A37238BBFD6612F9ADF39 /* MPTabBarController.m */,
				980C724BBEC7904CB33DA485 /* DemoViewController.h */,
				B071D7DB4A8A945EB177A7A7 /* DemoViewController.m */,
				DC54FFC3132F579D658CB531 /* DTFrameworkInterface+webapp_ios_app.h */,
				55254494179D285048565505 /* DTFrameworkInterface+webapp_ios_app.m */,
				A59D1398E8D8F5D92A911F9E /* MobileRuntime.plist */,
				E6EB8B46538A52B4E5C37DFB /* Images_mPaaS.xcassets */,
				F6A681A658E3F6B36750C499 /* MPLauncherAppDelegate.h */,
				7C7B7DDF1026B65384AB9B89 /* MPLauncherAppDelegate.m */,
				638DF44195D9BE369654FBF5 /* MPTabBarController.h */,
				51F34DCF2F222E7BAF46F1AF /* MPTabBarController.m */,
				D1063F8DDFE1916C65D0955C /* DemoViewController.h */,
				4F5342067683FAEE14C47EDE /* DemoViewController.m */,
				A6449B6BEF826261838166FD /* DTFrameworkInterface+webapp_ios_app.h */,
				B6B16DBD9F0A19433AB575E1 /* DTFrameworkInterface+webapp_ios_app.m */,
				3D41984E9E7200A33F446BDB /* MobileRuntime.plist */,
				B15304B2D21BBD6AB842CCB2 /* Images_mPaaS.xcassets */,
				07044BED69E83F3A92D8838F /* MPLauncherAppDelegate.h */,
				66CB81EB9DCB9240B768DDAD /* MPLauncherAppDelegate.m */,
				BF3DE8B05FA8F94051CE9EBF /* MPTabBarController.h */,
				76C75A66D932C9D14A033207 /* MPTabBarController.m */,
				520416080BC0A92B2D16C0C7 /* DemoViewController.h */,
				C21EC677A58708C0A4A767E8 /* DemoViewController.m */,
			);
			path = APMobileFramework;
			sourceTree = "<group>";
		};
		B760C11CE5FFE5AF9901769B /* Targets */ = {
			isa = PBXGroup;
			children = (
				5D31047B7EF5C4A9B0A3FB01 /* webapp_ios_app */,
			);
			path = Targets;
			sourceTree = "<group>";
		};
		E7D0DD093BC85610C7890077 /* Pods */ = {
			isa = PBXGroup;
			children = (
				2F043CE954B0A61AAB6E877E /* Pods-webapp_ios_app.debug.xcconfig */,
				34E3A8D5D00DF4290DFA7770 /* Pods-webapp_ios_app.release.xcconfig */,
			);
			path = Pods;
			sourceTree = "<group>";
		};
/* End PBXGroup section */

/* Begin PBXNativeTarget section */
		63ABF58F26DEA061007AB825 /* webapp_ios_app */ = {
			isa = PBXNativeTarget;
			buildConfigurationList = 63ABF5A426DEA063007AB825 /* Build configuration list for PBXNativeTarget "webapp_ios_app" */;
			buildPhases = (
				CEABBFC58D71BC08602E6858 /* [CP] Check Pods Manifest.lock */,
				63ABF58C26DEA061007AB825 /* Sources */,
				63ABF58D26DEA061007AB825 /* Frameworks */,
				63ABF58E26DEA061007AB825 /* Resources */,
				14F6E92075B2B7EE137E1F60 /* [CP] Copy Pods Resources */,
			);
			buildRules = (
			);
			dependencies = (
			);
			name = webapp_ios_app;
			productName = webapp_ios_app;
			productReference = 63ABF59026DEA061007AB825 /* webapp_ios_app.app */;
			productType = "com.apple.product-type.application";
		};
/* End PBXNativeTarget section */

/* Begin PBXProject section */
		63ABF58826DEA061007AB825 /* Project object */ = {
			isa = PBXProject;
			attributes = {
				LastSwiftUpdateCheck = 1250;
				LastUpgradeCheck = 1250;
				TargetAttributes = {
					63ABF58F26DEA061007AB825 = {
						CreatedOnToolsVersion = 12.5.1;
					};
				};
			};
			buildConfigurationList = 63ABF58B26DEA061007AB825 /* Build configuration list for PBXProject "webapp_ios_app" */;
			compatibilityVersion = "Xcode 9.3";
			developmentRegion = en;
			hasScannedForEncodings = 0;
			knownRegions = (
				en,
				Base,
			);
			mainGroup = 63ABF58726DEA061007AB825;
			productRefGroup = 63ABF59126DEA061007AB825 /* Products */;
			projectDirPath = "";
			projectRoot = "";
			targets = (
				63ABF58F26DEA061007AB825 /* webapp_ios_app */,
			);
		};
/* End PBXProject section */

/* Begin PBXResourcesBuildPhase section */
		63ABF58E26DEA061007AB825 /* Resources */ = {
			isa = PBXResourcesBuildPhase;
			buildActionMask = 2147483647;
			files = (
				63ABF5A026DEA063007AB825 /* LaunchScreen.storyboard in Resources */,
				63ABF59D26DEA063007AB825 /* Assets.xcassets in Resources */,
				63ABF59B26DEA061007AB825 /* Main.storyboard in Resources */,
				600F430B58E70556BC804651 /* yw_1222.jpg in Resources */,
				05B763549FBBC25B7CFA7122 /* MobileRuntime.plist in Resources */,
				0D1AB97C568CD099620E9483 /* Images_mPaaS.xcassets in Resources */,
				7B308A9A2F0959D92DC85CF9 /* MobileRuntime.plist in Resources */,
				7E83FF20AFA083CB1E9AED3D /* Images_mPaaS.xcassets in Resources */,
				C91F8A67255A27BFD4A9DC06 /* meta.config in Resources */,
				D5F26E89C0CF3D8AC1DA1993 /* MobileRuntime.plist in Resources */,
				DC109329049E40F65F3E469D /* Images_mPaaS.xcassets in Resources */,
			);
			runOnlyForDeploymentPostprocessing = 0;
		};
/* End PBXResourcesBuildPhase section */

/* Begin PBXShellScriptBuildPhase section */
		14F6E92075B2B7EE137E1F60 /* [CP] Copy Pods Resources */ = {
			isa = PBXShellScriptBuildPhase;
			buildActionMask = 2147483647;
			files = (
			);
			inputFileListPaths = (
				"${PODS_ROOT}/Target Support Files/Pods-webapp_ios_app/Pods-webapp_ios_app-resources-${CONFIGURATION}-input-files.xcfilelist",
			);
			name = "[CP] Copy Pods Resources";
			outputFileListPaths = (
				"${PODS_ROOT}/Target Support Files/Pods-webapp_ios_app/Pods-webapp_ios_app-resources-${CONFIGURATION}-output-files.xcfilelist",
			);
			runOnlyForDeploymentPostprocessing = 0;
			shellPath = /bin/sh;
			shellScript = "\"${PODS_ROOT}/Target Support Files/Pods-webapp_ios_app/Pods-webapp_ios_app-resources.sh\"\n";
			showEnvVarsInLog = 0;
		};
		CEABBFC58D71BC08602E6858 /* [CP] Check Pods Manifest.lock */ = {
			isa = PBXShellScriptBuildPhase;
			buildActionMask = 2147483647;
			files = (
			);
			inputFileListPaths = (
			);
			inputPaths = (
				"${PODS_PODFILE_DIR_PATH}/Podfile.lock",
				"${PODS_ROOT}/Manifest.lock",
			);
			name = "[CP] Check Pods Manifest.lock";
			outputFileListPaths = (
			);
			outputPaths = (
				"$(DERIVED_FILE_DIR)/Pods-webapp_ios_app-checkManifestLockResult.txt",
			);
			runOnlyForDeploymentPostprocessing = 0;
			shellPath = /bin/sh;
			shellScript = "diff \"${PODS_PODFILE_DIR_PATH}/Podfile.lock\" \"${PODS_ROOT}/Manifest.lock\" > /dev/null\nif [ $? != 0 ] ; then\n    # print error to STDERR\n    echo \"error: The sandbox is not in sync with the Podfile.lock. Run 'pod install' or update your CocoaPods installation.\" >&2\n    exit 1\nfi\n# This output is used by Xcode 'outputs' to avoid re-running this script phase.\necho \"SUCCESS\" > \"${SCRIPT_OUTPUT_FILE_0}\"\n";
			showEnvVarsInLog = 0;
		};
/* End PBXShellScriptBuildPhase section */

/* Begin PBXSourcesBuildPhase section */
		63ABF58C26DEA061007AB825 /* Sources */ = {
			isa = PBXSourcesBuildPhase;
			buildActionMask = 2147483647;
			files = (
				63ABF59826DEA061007AB825 /* ViewController.swift in Sources */,
				63ABF59426DEA061007AB825 /* AppDelegate.swift in Sources */,
				63ABF59626DEA061007AB825 /* SceneDelegate.swift in Sources */,
				C90BA980899986054DED4FF3 /* MPaaSInterface+webapp_ios_app.m in Sources */,
				4BCE2B172485660AC85CEC44 /* DTFrameworkInterface+webapp_ios_app.m in Sources */,
				61EC37B7EF30FAAA3EDA923B /* MPLauncherAppDelegate.m in Sources */,
				F680C2E06627E6B689219DCF /* MPTabBarController.m in Sources */,
				3413F5486662A3C81937352A /* DemoViewController.m in Sources */,
				9224A1F85D6718401804F3CC /* MPaaSInterface+webapp_ios_app.m in Sources */,
				B9BF4EAF5E8A48ECAEAD6F88 /* DTFrameworkInterface+webapp_ios_app.m in Sources */,
				3655212161466732FE899C56 /* MPLauncherAppDelegate.m in Sources */,
				470CC60E47E24A135D853B69 /* MPTabBarController.m in Sources */,
				885C5746862ADE01DEB86784 /* DemoViewController.m in Sources */,
				ED372F8245B05B9C1E9DD391 /* MPaaSInterface+webapp_ios_app.m in Sources */,
				3F8AB24BA7425B64F33C2C44 /* DTFrameworkInterface+webapp_ios_app.m in Sources */,
				21AD9359610613F6B9EEF130 /* MPLauncherAppDelegate.m in Sources */,
				9325D3E4FFE3987F24CF8CD1 /* MPTabBarController.m in Sources */,
				D3E92C930F337C6A7BF8829C /* DemoViewController.m in Sources */,
			);
			runOnlyForDeploymentPostprocessing = 0;
		};
/* End PBXSourcesBuildPhase section */

/* Begin PBXVariantGroup section */
		63ABF59926DEA061007AB825 /* Main.storyboard */ = {
			isa = PBXVariantGroup;
			children = (
				63ABF59A26DEA061007AB825 /* Base */,
			);
			name = Main.storyboard;
			sourceTree = "<group>";
		};
		63ABF59E26DEA063007AB825 /* LaunchScreen.storyboard */ = {
			isa = PBXVariantGroup;
			children = (
				63ABF59F26DEA063007AB825 /* Base */,
			);
			name = LaunchScreen.storyboard;
			sourceTree = "<group>";
		};
/* End PBXVariantGroup section */

/* Begin XCBuildConfiguration section */
		63ABF5A226DEA063007AB825 /* Debug */ = {
			isa = XCBuildConfiguration;
			buildSettings = {
				ALWAYS_SEARCH_USER_PATHS = NO;
				CLANG_ANALYZER_NONNULL = YES;
				CLANG_ANALYZER_NUMBER_OBJECT_CONVERSION = YES_AGGRESSIVE;
				CLANG_CXX_LANGUAGE_STANDARD = "gnu++14";
				CLANG_CXX_LIBRARY = "libc++";
				CLANG_ENABLE_MODULES = YES;
				CLANG_ENABLE_OBJC_ARC = YES;
				CLANG_ENABLE_OBJC_WEAK = YES;
				CLANG_WARN_BLOCK_CAPTURE_AUTORELEASING = YES;
				CLANG_WARN_BOOL_CONVERSION = YES;
				CLANG_WARN_COMMA = YES;
				CLANG_WARN_CONSTANT_CONVERSION = YES;
				CLANG_WARN_DEPRECATED_OBJC_IMPLEMENTATIONS = YES;
				CLANG_WARN_DIRECT_OBJC_ISA_USAGE = YES_ERROR;
				CLANG_WARN_DOCUMENTATION_COMMENTS = YES;
				CLANG_WARN_EMPTY_BODY = YES;
				CLANG_WARN_ENUM_CONVERSION = YES;
				CLANG_WARN_INFINITE_RECURSION = YES;
				CLANG_WARN_INT_CONVERSION = YES;
				CLANG_WARN_NON_LITERAL_NULL_CONVERSION = YES;
				CLANG_WARN_OBJC_IMPLICIT_RETAIN_SELF = YES;
				CLANG_WARN_OBJC_LITERAL_CONVERSION = YES;
				CLANG_WARN_OBJC_ROOT_CLASS = YES_ERROR;
				CLANG_WARN_QUOTED_INCLUDE_IN_FRAMEWORK_HEADER = YES;
				CLANG_WARN_RANGE_LOOP_ANALYSIS = YES;
				CLANG_WARN_STRICT_PROTOTYPES = YES;
				CLANG_WARN_SUSPICIOUS_MOVE = YES;
				CLANG_WARN_UNGUARDED_AVAILABILITY = YES_AGGRESSIVE;
				CLANG_WARN_UNREACHABLE_CODE = YES;
				CLANG_WARN__DUPLICATE_METHOD_MATCH = YES;
				COPY_PHASE_STRIP = NO;
				DEBUG_INFORMATION_FORMAT = dwarf;
				ENABLE_STRICT_OBJC_MSGSEND = YES;
				ENABLE_TESTABILITY = YES;
				"EXCLUDED_ARCHS[sdk=iphonesimulator*]" = arm64;
				GCC_C_LANGUAGE_STANDARD = gnu11;
				GCC_DYNAMIC_NO_PIC = NO;
				GCC_NO_COMMON_BLOCKS = YES;
				GCC_OPTIMIZATION_LEVEL = 0;
				GCC_PREPROCESSOR_DEFINITIONS = (
					"DEBUG=1",
					"$(inherited)",
				);
				GCC_WARN_64_TO_32_BIT_CONVERSION = YES;
				GCC_WARN_ABOUT_RETURN_TYPE = YES_ERROR;
				GCC_WARN_UNDECLARED_SELECTOR = YES;
				GCC_WARN_UNINITIALIZED_AUTOS = YES_AGGRESSIVE;
				GCC_WARN_UNUSED_FUNCTION = YES;
				GCC_WARN_UNUSED_VARIABLE = YES;
				IPHONEOS_DEPLOYMENT_TARGET = 14.5;
				MTL_ENABLE_DEBUG_INFO = INCLUDE_SOURCE;
				MTL_FAST_MATH = YES;
				ONLY_ACTIVE_ARCH = YES;
				SDKROOT = iphoneos;
				SWIFT_ACTIVE_COMPILATION_CONDITIONS = DEBUG;
				SWIFT_OPTIMIZATION_LEVEL = "-Onone";
			};
			name = Debug;
		};
		63ABF5A326DEA063007AB825 /* Release */ = {
			isa = XCBuildConfiguration;
			buildSettings = {
				ALWAYS_SEARCH_USER_PATHS = NO;
				CLANG_ANALYZER_NONNULL = YES;
				CLANG_ANALYZER_NUMBER_OBJECT_CONVERSION = YES_AGGRESSIVE;
				CLANG_CXX_LANGUAGE_STANDARD = "gnu++14";
				CLANG_CXX_LIBRARY = "libc++";
				CLANG_ENABLE_MODULES = YES;
				CLANG_ENABLE_OBJC_ARC = YES;
				CLANG_ENABLE_OBJC_WEAK = YES;
				CLANG_WARN_BLOCK_CAPTURE_AUTORELEASING = YES;
				CLANG_WARN_BOOL_CONVERSION = YES;
				CLANG_WARN_COMMA = YES;
				CLANG_WARN_CONSTANT_CONVERSION = YES;
				CLANG_WARN_DEPRECATED_OBJC_IMPLEMENTATIONS = YES;
				CLANG_WARN_DIRECT_OBJC_ISA_USAGE = YES_ERROR;
				CLANG_WARN_DOCUMENTATION_COMMENTS = YES;
				CLANG_WARN_EMPTY_BODY = YES;
				CLANG_WARN_ENUM_CONVERSION = YES;
				CLANG_WARN_INFINITE_RECURSION = YES;
				CLANG_WARN_INT_CONVERSION = YES;
				CLANG_WARN_NON_LITERAL_NULL_CONVERSION = YES;
				CLANG_WARN_OBJC_IMPLICIT_RETAIN_SELF = YES;
				CLANG_WARN_OBJC_LITERAL_CONVERSION = YES;
				CLANG_WARN_OBJC_ROOT_CLASS = YES_ERROR;
				CLANG_WARN_QUOTED_INCLUDE_IN_FRAMEWORK_HEADER = YES;
				CLANG_WARN_RANGE_LOOP_ANALYSIS = YES;
				CLANG_WARN_STRICT_PROTOTYPES = YES;
				CLANG_WARN_SUSPICIOUS_MOVE = YES;
				CLANG_WARN_UNGUARDED_AVAILABILITY = YES_AGGRESSIVE;
				CLANG_WARN_UNREACHABLE_CODE = YES;
				CLANG_WARN__DUPLICATE_METHOD_MATCH = YES;
				COPY_PHASE_STRIP = NO;
				DEBUG_INFORMATION_FORMAT = "dwarf-with-dsym";
				ENABLE_NS_ASSERTIONS = NO;
				ENABLE_STRICT_OBJC_MSGSEND = YES;
				GCC_C_LANGUAGE_STANDARD = gnu11;
				GCC_NO_COMMON_BLOCKS = YES;
				GCC_WARN_64_TO_32_BIT_CONVERSION = YES;
				GCC_WARN_ABOUT_RETURN_TYPE = YES_ERROR;
				GCC_WARN_UNDECLARED_SELECTOR = YES;
				GCC_WARN_UNINITIALIZED_AUTOS = YES_AGGRESSIVE;
				GCC_WARN_UNUSED_FUNCTION = YES;
				GCC_WARN_UNUSED_VARIABLE = YES;
				IPHONEOS_DEPLOYMENT_TARGET = 14.5;
				MTL_ENABLE_DEBUG_INFO = NO;
				MTL_FAST_MATH = YES;
				SDKROOT = iphoneos;
				SWIFT_COMPILATION_MODE = wholemodule;
				SWIFT_OPTIMIZATION_LEVEL = "-O";
				VALIDATE_PRODUCT = YES;
			};
			name = Release;
		};
		63ABF5A526DEA063007AB825 /* Debug */ = {
			isa = XCBuildConfiguration;
			baseConfigurationReference = 2F043CE954B0A61AAB6E877E /* Pods-webapp_ios_app.debug.xcconfig */;
			buildSettings = {
				ASSETCATALOG_COMPILER_APPICON_NAME = AppIcon;
				ASSETCATALOG_COMPILER_GLOBAL_ACCENT_COLOR_NAME = AccentColor;
				CODE_SIGN_STYLE = Automatic;
				GCC_PRECOMPILE_PREFIX_HEADER = YES;
				GCC_PREFIX_HEADER = "webapp_ios_app/webapp_ios_app-Prefix.pch";
				INFOPLIST_FILE = webapp_ios_app/Info.plist;
				LD_RUNPATH_SEARCH_PATHS = (
					"$(inherited)",
					"@executable_path/Frameworks",
				);
				PRODUCT_BUNDLE_IDENTIFIER = "webapp-ios-app";
				PRODUCT_NAME = "$(TARGET_NAME)";
				SWIFT_OBJC_BRIDGING_HEADER = "webapp_ios_app/webapp_ios_app-Bridging-Header.h";
				SWIFT_VERSION = 5.0;
				TARGETED_DEVICE_FAMILY = "1,2";
			};
			name = Debug;
		};
		63ABF5A626DEA063007AB825 /* Release */ = {
			isa = XCBuildConfiguration;
			baseConfigurationReference = 34E3A8D5D00DF4290DFA7770 /* Pods-webapp_ios_app.release.xcconfig */;
			buildSettings = {
				ASSETCATALOG_COMPILER_APPICON_NAME = AppIcon;
				ASSETCATALOG_COMPILER_GLOBAL_ACCENT_COLOR_NAME = AccentColor;
				CODE_SIGN_STYLE = Automatic;
				GCC_PRECOMPILE_PREFIX_HEADER = YES;
				GCC_PREFIX_HEADER = "webapp_ios_app/webapp_ios_app-Prefix.pch";
				INFOPLIST_FILE = webapp_ios_app/Info.plist;
				LD_RUNPATH_SEARCH_PATHS = (
					"$(inherited)",
					"@executable_path/Frameworks",
				);
				PRODUCT_BUNDLE_IDENTIFIER = "webapp-ios-app";
				PRODUCT_NAME = "$(TARGET_NAME)";
				SWIFT_OBJC_BRIDGING_HEADER = "webapp_ios_app/webapp_ios_app-Bridging-Header.h";
				SWIFT_VERSION = 5.0;
				TARGETED_DEVICE_FAMILY = "1,2";
			};
			name = Release;
		};
/* End XCBuildConfiguration section */

/* Begin XCConfigurationList section */
		63ABF58B26DEA061007AB825 /* Build configuration list for PBXProject "webapp_ios_app" */ = {
			isa = XCConfigurationList;
			buildConfigurations = (
				63ABF5A226DEA063007AB825 /* Debug */,
				63ABF5A326DEA063007AB825 /* Release */,
			);
			defaultConfigurationIsVisible = 0;
			defaultConfigurationName = Release;
		};
		63ABF5A426DEA063007AB825 /* Build configuration list for PBXNativeTarget "webapp_ios_app" */ = {
			isa = XCConfigurationList;
			buildConfigurations = (
				63ABF5A526DEA063007AB825 /* Debug */,
				63ABF5A626DEA063007AB825 /* Release */,
			);
			defaultConfigurationIsVisible = 0;
			defaultConfigurationName = Release;
		};
/* End XCConfigurationList section */
	};
	rootObject = 63ABF58826DEA061007AB825 /* Project object */;
}
